
Microsoft Visual Studio Solution File, Format Version 12.00
# Visual Studio Version 17
VisualStudioVersion = 17.4.33213.308
MinimumVisualStudioVersion = 10.0.40219.1
Project("{FAE04EC0-301F-11D3-BF4B-00C04F79EFBC}") = "CoffeeMachine", "CoffeeMachine.csproj", "{720FAE88-ECB5-4D36-862D-BB8B1B91EC09}"
EndProject
Global
	GlobalSection(SolutionConfigurationPlatforms) = preSolution
		Debug|Any CPU = Debug|Any CPU
		Release|Any CPU = Release|Any CPU
	EndGlobalSection
	GlobalSection(ProjectConfigurationPlatforms) = postSolution
		{720FAE88-ECB5-4D36-862D-BB8B1B91EC09}.Debug|Any CPU.ActiveCfg = Debug|Any CPU
		{720FAE88-ECB5-4D36-862D-BB8B1B91EC09}.Debug|Any CPU.Build.0 = Debug|Any CPU
		{720FAE88-ECB5-4D36-862D-BB8B1B91EC09}.Release|Any CPU.ActiveCfg = Release|Any CPU
		{720FAE88-ECB5-4D36-862D-BB8B1B91EC09}.Release|Any CPU.Build.0 = Release|Any CPU
	EndGlobalSection
	GlobalSection(SolutionProperties) = preSolution
		HideSolutionNode = FALSE
	EndGlobalSection
	GlobalSection(ExtensibilityGlobals) = postSolution
		SolutionGuid = {8C606DFF-8AC9-4F4E-AC67-278891436509}
	EndGlobalSection
EndGlobal
